
Microsoft Visual Studio Solution File, Format Version 12.00
# Visual Studio Version 17
VisualStudioVersion = 17.3.32811.315
MinimumVisualStudioVersion = 10.0.40219.1
Project("{FAE04EC0-301F-11D3-BF4B-00C04F79EFBC}") = "23dh114120_MyStore", "23dh114120_MyStore\23dh114120_MyStore.csproj", "{AA87C0E3-31DE-4920-8D2C-7979E897E500}"
EndProject
Global
	GlobalSection(SolutionConfigurationPlatforms) = preSolution
		Debug|Any CPU = Debug|Any CPU
		Release|Any CPU = Release|Any CPU
	EndGlobalSection
	GlobalSection(ProjectConfigurationPlatforms) = postSolution
		{AA87C0E3-31DE-4920-8D2C-7979E897E500}.Debug|Any CPU.ActiveCfg = Debug|Any CPU
		{AA87C0E3-31DE-4920-8D2C-7979E897E500}.Debug|Any CPU.Build.0 = Debug|Any CPU
		{AA87C0E3-31DE-4920-8D2C-7979E897E500}.Release|Any CPU.ActiveCfg = Release|Any CPU
		{AA87C0E3-31DE-4920-8D2C-7979E897E500}.Release|Any CPU.Build.0 = Release|Any CPU
	EndGlobalSection
	GlobalSection(SolutionProperties) = preSolution
		HideSolutionNode = FALSE
	EndGlobalSection
	GlobalSection(ExtensibilityGlobals) = postSolution
		SolutionGuid = {31A96D4B-D456-4EC5-8D69-5D3A2270ADB8}
	EndGlobalSection
EndGlobal
